
Microsoft Visual Studio Solution File, Format Version 12.00
# Visual Studio 15
VisualStudioVersion = 15.0.27004.2002
MinimumVisualStudioVersion = 10.0.40219.1
Project("{8BC9CEB8-8B4A-11D0-8D11-00A0C91BC942}") = "mpaq", "mpaq.vcxproj", "{0051E01D-699F-4EEA-95F8-ADB885EBF625}"
EndProject
Global
	GlobalSection(SolutionConfigurationPlatforms) = preSolution
		Debug|x64 = Debug|x64
		Debug|x86 = Debug|x86
		Release|x64 = Release|x64
		Release|x86 = Release|x86
	EndGlobalSection
	GlobalSection(ProjectConfigurationPlatforms) = postSolution
		{0051E01D-699F-4EEA-95F8-ADB885EBF625}.Debug|x64.ActiveCfg = Debug|x64
		{0051E01D-699F-4EEA-95F8-ADB885EBF625}.Debug|x64.Build.0 = Debug|x64
		{0051E01D-699F-4EEA-95F8-ADB885EBF625}.Debug|x86.ActiveCfg = Debug|Win32
		{0051E01D-699F-4EEA-95F8-ADB885EBF625}.Debug|x86.Build.0 = Debug|Win32
		{0051E01D-699F-4EEA-95F8-ADB885EBF625}.Release|x64.ActiveCfg = Release|x64
		{0051E01D-699F-4EEA-95F8-ADB885EBF625}.Release|x64.Build.0 = Release|x64
		{0051E01D-699F-4EEA-95F8-ADB885EBF625}.Release|x86.ActiveCfg = Release|Win32
		{0051E01D-699F-4EEA-95F8-ADB885EBF625}.Release|x86.Build.0 = Release|Win32
	EndGlobalSection
	GlobalSection(SolutionProperties) = preSolution
		HideSolutionNode = FALSE
	EndGlobalSection
	GlobalSection(ExtensibilityGlobals) = postSolution
		SolutionGuid = {A4E84BFB-5266-4FA2-801D-E0665402DC44}
	EndGlobalSection
EndGlobal
